
Microsoft Visual Studio Solution File, Format Version 12.00
# Visual Studio Version 16
VisualStudioVersion = 16.0.32407.337
MinimumVisualStudioVersion = 10.0.40219.1
Project("{9A19103F-16F7-4668-BE54-9A1E7A4F7556}") = "Web", "Web\Web.csproj", "{82CE4B1A-CC74-4AAF-BA5E-446FC4A4E7A7}"
EndProject
Global
	GlobalSection(SolutionConfigurationPlatforms) = preSolution
		Debug|Any CPU = Debug|Any CPU
		Release|Any CPU = Release|Any CPU
	EndGlobalSection
	GlobalSection(ProjectConfigurationPlatforms) = postSolution
		{82CE4B1A-CC74-4AAF-BA5E-446FC4A4E7A7}.Debug|Any CPU.ActiveCfg = Debug|Any CPU
		{82CE4B1A-CC74-4AAF-BA5E-446FC4A4E7A7}.Debug|Any CPU.Build.0 = Debug|Any CPU
		{82CE4B1A-CC74-4AAF-BA5E-446FC4A4E7A7}.Release|Any CPU.ActiveCfg = Release|Any CPU
		{82CE4B1A-CC74-4AAF-BA5E-446FC4A4E7A7}.Release|Any CPU.Build.0 = Release|Any CPU
	EndGlobalSection
	GlobalSection(SolutionProperties) = preSolution
		HideSolutionNode = FALSE
	EndGlobalSection
	GlobalSection(ExtensibilityGlobals) = postSolution
		SolutionGuid = {B9046EEF-244B-4228-AF2E-1FE9374E6573}
	EndGlobalSection
EndGlobal
